// !$*UTF8*$!
{
	archiveVersion = 1;
	classes = {
	};
	objectVersion = 56;
	objects = {

/* Begin PBXBuildFile section */
		BF3B92D629166DA900FA1A10 /* AppDelegate.swift in Sources */ = {isa = PBXBuildFile; fileRef = BF3B92D529166DA900FA1A10 /* AppDelegate.swift */; };
		BF3B92D829166DA900FA1A10 /* SceneDelegate.swift in Sources */ = {isa = PBXBuildFile; fileRef = BF3B92D729166DA900FA1A10 /* SceneDelegate.swift */; };
		BF3B92DA29166DA900FA1A10 /* TableViewController.swift in Sources */ = {isa = PBXBuildFile; fileRef = BF3B92D929166DA900FA1A10 /* TableViewController.swift */; };
		BF3B92DD29166DA900FA1A10 /* Main.storyboard in Resources */ = {isa = PBXBuildFile; fileRef = BF3B92DB29166DA900FA1A10 /* Main.storyboard */; };
		BF3B92DF29166DAA00FA1A10 /* Assets.xcassets in Resources */ = {isa = PBXBuildFile; fileRef = BF3B92DE29166DAA00FA1A10 /* Assets.xcassets */; };
		BF3B92E229166DAA00FA1A10 /* LaunchScreen.storyboard in Resources */ = {isa = PBXBuildFile; fileRef = BF3B92E029166DAA00FA1A10 /* LaunchScreen.storyboard */; };
		BF3B92EB2916795E00FA1A10 /* SectionData.swift in Sources */ = {isa = PBXBuildFile; fileRef = BF3B92EA2916795E00FA1A10 /* SectionData.swift */; };
		BF3B92EE291690FE00FA1A10 /* CardCell.swift in Sources */ = {isa = PBXBuildFile; fileRef = BF3B92ED291690FE00FA1A10 /* CardCell.swift */; };
/* End PBXBuildFile section */

/* Begin PBXFileReference section */
		BF3B92D229166DA900FA1A10 /* dropdown-sport-app.app */ = {isa = PBXFileReference; explicitFileType = wrapper.application; includeInIndex = 0; path = "dropdown-sport-app.app"; sourceTree = BUILT_PRODUCTS_DIR; };
		BF3B92D529166DA900FA1A10 /* AppDelegate.swift */ = {isa = PBXFileReference; lastKnownFileType = sourcecode.swift; path = AppDelegate.swift; sourceTree = "<group>"; };
		BF3B92D729166DA900FA1A10 /* SceneDelegate.swift */ = {isa = PBXFileReference; lastKnownFileType = sourcecode.swift; path = SceneDelegate.swift; sourceTree = "<group>"; };
		BF3B92D929166DA900FA1A10 /* TableViewController.swift */ = {isa = PBXFileReference; lastKnownFileType = sourcecode.swift; path = TableViewController.swift; sourceTree = "<group>"; };
		BF3B92DC29166DA900FA1A10 /* Base */ = {isa = PBXFileReference; lastKnownFileType = file.storyboard; name = Base; path = Base.lproj/Main.storyboard; sourceTree = "<group>"; };
		BF3B92DE29166DAA00FA1A10 /* Assets.xcassets */ = {isa = PBXFileReference; lastKnownFileType = folder.assetcatalog; path = Assets.xcassets; sourceTree = "<group>"; };
		BF3B92E129166DAA00FA1A10 /* Base */ = {isa = PBXFileReference; lastKnownFileType = file.storyboard; name = Base; path = Base.lproj/LaunchScreen.storyboard; sourceTree = "<group>"; };
		BF3B92E329166DAA00FA1A10 /* Info.plist */ = {isa = PBXFileReference; lastKnownFileType = text.plist.xml; path = Info.plist; sourceTree = "<group>"; };
		BF3B92EA2916795E00FA1A10 /* SectionData.swift */ = {isa = PBXFileReference; lastKnownFileType = sourcecode.swift; path = SectionData.swift; sourceTree = "<group>"; };
		BF3B92ED291690FE00FA1A10 /* CardCell.swift */ = {isa = PBXFileReference; lastKnownFileType = sourcecode.swift; path = CardCell.swift; sourceTree = "<group>"; };
/* End PBXFileReference section */

/* Begin PBXFrameworksBuildPhase section */
		BF3B92CF29166DA900FA1A10 /* Frameworks */ = {
			isa = PBXFrameworksBuildPhase;
			buildActionMask = 2147483647;
			files = (
			);
			runOnlyForDeploymentPostprocessing = 0;
		};
/* End PBXFrameworksBuildPhase section */

/* Begin PBXGroup section */
		BF3B92C929166DA900FA1A10 = {
			isa = PBXGroup;
			children = (
				BF3B92D429166DA900FA1A10 /* dropdown-sport-app */,
				BF3B92D329166DA900FA1A10 /* Products */,
			);
			sourceTree = "<group>";
		};
		BF3B92D329166DA900FA1A10 /* Products */ = {
			isa = PBXGroup;
			children = (
				BF3B92D229166DA900FA1A10 /* dropdown-sport-app.app */,
			);
			name = Products;
			sourceTree = "<group>";
		};
		BF3B92D429166DA900FA1A10 /* dropdown-sport-app */ = {
			isa = PBXGroup;
			children = (
				BF3B92EC291690EC00FA1A10 /* Views */,
				BF3B92E92916795200FA1A10 /* Models */,
				BF3B92D529166DA900FA1A10 /* AppDelegate.swift */,
				BF3B92D729166DA900FA1A10 /* SceneDelegate.swift */,
				BF3B92D929166DA900FA1A10 /* TableViewController.swift */,
				BF3B92DB29166DA900FA1A10 /* Main.storyboard */,
				BF3B92DE29166DAA00FA1A10 /* Assets.xcassets */,
				BF3B92E029166DAA00FA1A10 /* LaunchScreen.storyboard */,
				BF3B92E329166DAA00FA1A10 /* Info.plist */,
			);
			path = "dropdown-sport-app";
			sourceTree = "<group>";
		};
		BF3B92E92916795200FA1A10 /* Models */ = {
			isa = PBXGroup;
			children = (
				BF3B92EA2916795E00FA1A10 /* SectionData.swift */,
			);
			path = Models;
			sourceTree = "<group>";
		};
		BF3B92EC291690EC00FA1A10 /* Views */ = {
			isa = PBXGroup;
			children = (
				BF3B92ED291690FE00FA1A10 /* CardCell.swift */,
			);
			path = Views;
			sourceTree = "<group>";
		};
/* End PBXGroup section */

/* Begin PBXNativeTarget section */
		BF3B92D129166DA900FA1A10 /* dropdown-sport-app */ = {
			isa = PBXNativeTarget;
			buildConfigurationList = BF3B92E629166DAA00FA1A10 /* Build configuration list for PBXNativeTarget "dropdown-sport-app" */;
			buildPhases = (
				BF3B92CE29166DA900FA1A10 /* Sources */,
				BF3B92CF29166DA900FA1A10 /* Frameworks */,
				BF3B92D029166DA900FA1A10 /* Resources */,
			);
			buildRules = (
			);
			dependencies = (
			);
			name = "dropdown-sport-app";
			productName = "dropdown-sport-app";
			productReference = BF3B92D229166DA900FA1A10 /* dropdown-sport-app.app */;
			productType = "com.apple.product-type.application";
		};
/* End PBXNativeTarget section */

/* Begin PBXProject section */
		BF3B92CA29166DA900FA1A10 /* Project object */ = {
			isa = PBXProject;
			attributes = {
				BuildIndependentTargetsInParallel = 1;
				LastSwiftUpdateCheck = 1410;
				LastUpgradeCheck = 1410;
				TargetAttributes = {
					BF3B92D129166DA900FA1A10 = {
						CreatedOnToolsVersion = 14.1;
					};
				};
			};
			buildConfigurationList = BF3B92CD29166DA900FA1A10 /* Build configuration list for PBXProject "dropdown-sport-app" */;
			compatibilityVersion = "Xcode 14.0";
			developmentRegion = en;
			hasScannedForEncodings = 0;
			knownRegions = (
				en,
				Base,
			);
			mainGroup = BF3B92C929166DA900FA1A10;
			productRefGroup = BF3B92D329166DA900FA1A10 /* Products */;
			projectDirPath = "";
			projectRoot = "";
			targets = (
				BF3B92D129166DA900FA1A10 /* dropdown-sport-app */,
			);
		};
/* End PBXProject section */

/* Begin PBXResourcesBuildPhase section */
		BF3B92D029166DA900FA1A10 /* Resources */ = {
			isa = PBXResourcesBuildPhase;
			buildActionMask = 2147483647;
			files = (
				BF3B92E229166DAA00FA1A10 /* LaunchScreen.storyboard in Resources */,
				BF3B92DF29166DAA00FA1A10 /* Assets.xcassets in Resources */,
				BF3B92DD29166DA900FA1A10 /* Main.storyboard in Resources */,
			);
			runOnlyForDeploymentPostprocessing = 0;
		};
/* End PBXResourcesBuildPhase section */

/* Begin PBXSourcesBuildPhase section */
		BF3B92CE29166DA900FA1A10 /* Sources */ = {
			isa = PBXSourcesBuildPhase;
			buildActionMask = 2147483647;
			files = (
				BF3B92EE291690FE00FA1A10 /* CardCell.swift in Sources */,
				BF3B92DA29166DA900FA1A10 /* TableViewController.swift in Sources */,
				BF3B92D629166DA900FA1A10 /* AppDelegate.swift in Sources */,
				BF3B92D829166DA900FA1A10 /* SceneDelegate.swift in Sources */,
				BF3B92EB2916795E00FA1A10 /* SectionData.swift in Sources */,
			);
			runOnlyForDeploymentPostprocessing = 0;
		};
/* End PBXSourcesBuildPhase section */

/* Begin PBXVariantGroup section */
		BF3B92DB29166DA900FA1A10 /* Main.storyboard */ = {
			isa = PBXVariantGroup;
			children = (
				BF3B92DC29166DA900FA1A10 /* Base */,
			);
			name = Main.storyboard;
			sourceTree = "<group>";
		};
		BF3B92E029166DAA00FA1A10 /* LaunchScreen.storyboard */ = {
			isa = PBXVariantGroup;
			children = (
				BF3B92E129166DAA00FA1A10 /* Base */,
			);
			name = LaunchScreen.storyboard;
			sourceTree = "<group>";
		};
/* End PBXVariantGroup section */

/* Begin XCBuildConfiguration section */
		BF3B92E429166DAA00FA1A10 /* Debug */ = {
			isa = XCBuildConfiguration;
			buildSettings = {
				ALWAYS_SEARCH_USER_PATHS = NO;
				CLANG_ANALYZER_NONNULL = YES;
				CLANG_ANALYZER_NUMBER_OBJECT_CONVERSION = YES_AGGRESSIVE;
				CLANG_CXX_LANGUAGE_STANDARD = "gnu++20";
				CLANG_ENABLE_MODULES = YES;
				CLANG_ENABLE_OBJC_ARC = YES;
				CLANG_ENABLE_OBJC_WEAK = YES;
				CLANG_WARN_BLOCK_CAPTURE_AUTORELEASING = YES;
				CLANG_WARN_BOOL_CONVERSION = YES;
				CLANG_WARN_COMMA = YES;
				CLANG_WARN_CONSTANT_CONVERSION = YES;
				CLANG_WARN_DEPRECATED_OBJC_IMPLEMENTATIONS = YES;
				CLANG_WARN_DIRECT_OBJC_ISA_USAGE = YES_ERROR;
				CLANG_WARN_DOCUMENTATION_COMMENTS = YES;
				CLANG_WARN_EMPTY_BODY = YES;
				CLANG_WARN_ENUM_CONVERSION = YES;
				CLANG_WARN_INFINITE_RECURSION = YES;
				CLANG_WARN_INT_CONVERSION = YES;
				CLANG_WARN_NON_LITERAL_NULL_CONVERSION = YES;
				CLANG_WARN_OBJC_IMPLICIT_RETAIN_SELF = YES;
				CLANG_WARN_OBJC_LITERAL_CONVERSION = YES;
				CLANG_WARN_OBJC_ROOT_CLASS = YES_ERROR;
				CLANG_WARN_QUOTED_INCLUDE_IN_FRAMEWORK_HEADER = YES;
				CLANG_WARN_RANGE_LOOP_ANALYSIS = YES;
				CLANG_WARN_STRICT_PROTOTYPES = YES;
				CLANG_WARN_SUSPICIOUS_MOVE = YES;
				CLANG_WARN_UNGUARDED_AVAILABILITY = YES_AGGRESSIVE;
				CLANG_WARN_UNREACHABLE_CODE = YES;
				CLANG_WARN__DUPLICATE_METHOD_MATCH = YES;
				COPY_PHASE_STRIP = NO;
				DEBUG_INFORMATION_FORMAT = dwarf;
				ENABLE_STRICT_OBJC_MSGSEND = YES;
				ENABLE_TESTABILITY = YES;
				GCC_C_LANGUAGE_STANDARD = gnu11;
				GCC_DYNAMIC_NO_PIC = NO;
				GCC_NO_COMMON_BLOCKS = YES;
				GCC_OPTIMIZATION_LEVEL = 0;
				GCC_PREPROCESSOR_DEFINITIONS = (
					"DEBUG=1",
					"$(inherited)",
				);
				GCC_WARN_64_TO_32_BIT_CONVERSION = YES;
				GCC_WARN_ABOUT_RETURN_TYPE = YES_ERROR;
				GCC_WARN_UNDECLARED_SELECTOR = YES;
				GCC_WARN_UNINITIALIZED_AUTOS = YES_AGGRESSIVE;
				GCC_WARN_UNUSED_FUNCTION = YES;
				GCC_WARN_UNUSED_VARIABLE = YES;
				IPHONEOS_DEPLOYMENT_TARGET = 16.1;
				MTL_ENABLE_DEBUG_INFO = INCLUDE_SOURCE;
				MTL_FAST_MATH = YES;
				ONLY_ACTIVE_ARCH = YES;
				SDKROOT = iphoneos;
				SWIFT_ACTIVE_COMPILATION_CONDITIONS = DEBUG;
				SWIFT_OPTIMIZATION_LEVEL = "-Onone";
			};
			name = Debug;
		};
		BF3B92E529166DAA00FA1A10 /* Release */ = {
			isa = XCBuildConfiguration;
			buildSettings = {
				ALWAYS_SEARCH_USER_PATHS = NO;
				CLANG_ANALYZER_NONNULL = YES;
				CLANG_ANALYZER_NUMBER_OBJECT_CONVERSION = YES_AGGRESSIVE;
				CLANG_CXX_LANGUAGE_STANDARD = "gnu++20";
				CLANG_ENABLE_MODULES = YES;
				CLANG_ENABLE_OBJC_ARC = YES;
				CLANG_ENABLE_OBJC_WEAK = YES;
				CLANG_WARN_BLOCK_CAPTURE_AUTORELEASING = YES;
				CLANG_WARN_BOOL_CONVERSION = YES;
				CLANG_WARN_COMMA = YES;
				CLANG_WARN_CONSTANT_CONVERSION = YES;
				CLANG_WARN_DEPRECATED_OBJC_IMPLEMENTATIONS = YES;
				CLANG_WARN_DIRECT_OBJC_ISA_USAGE = YES_ERROR;
				CLANG_WARN_DOCUMENTATION_COMMENTS = YES;
				CLANG_WARN_EMPTY_BODY = YES;
				CLANG_WARN_ENUM_CONVERSION = YES;
				CLANG_WARN_INFINITE_RECURSION = YES;
				CLANG_WARN_INT_CONVERSION = YES;
				CLANG_WARN_NON_LITERAL_NULL_CONVERSION = YES;
				CLANG_WARN_OBJC_IMPLICIT_RETAIN_SELF = YES;
				CLANG_WARN_OBJC_LITERAL_CONVERSION = YES;
				CLANG_WARN_OBJC_ROOT_CLASS = YES_ERROR;
				CLANG_WARN_QUOTED_INCLUDE_IN_FRAMEWORK_HEADER = YES;
				CLANG_WARN_RANGE_LOOP_ANALYSIS = YES;
				CLANG_WARN_STRICT_PROTOTYPES = YES;
				CLANG_WARN_SUSPICIOUS_MOVE = YES;
				CLANG_WARN_UNGUARDED_AVAILABILITY = YES_AGGRESSIVE;
				CLANG_WARN_UNREACHABLE_CODE = YES;
				CLANG_WARN__DUPLICATE_METHOD_MATCH = YES;
				COPY_PHASE_STRIP = NO;
				DEBUG_INFORMATION_FORMAT = "dwarf-with-dsym";
				ENABLE_NS_ASSERTIONS = NO;
				ENABLE_STRICT_OBJC_MSGSEND = YES;
				GCC_C_LANGUAGE_STANDARD = gnu11;
				GCC_NO_COMMON_BLOCKS = YES;
				GCC_WARN_64_TO_32_BIT_CONVERSION = YES;
				GCC_WARN_ABOUT_RETURN_TYPE = YES_ERROR;
				GCC_WARN_UNDECLARED_SELECTOR = YES;
				GCC_WARN_UNINITIALIZED_AUTOS = YES_AGGRESSIVE;
				GCC_WARN_UNUSED_FUNCTION = YES;
				GCC_WARN_UNUSED_VARIABLE = YES;
				IPHONEOS_DEPLOYMENT_TARGET = 16.1;
				MTL_ENABLE_DEBUG_INFO = NO;
				MTL_FAST_MATH = YES;
				SDKROOT = iphoneos;
				SWIFT_COMPILATION_MODE = wholemodule;
				SWIFT_OPTIMIZATION_LEVEL = "-O";
				VALIDATE_PRODUCT = YES;
			};
			name = Release;
		};
		BF3B92E729166DAA00FA1A10 /* Debug */ = {
			isa = XCBuildConfiguration;
			buildSettings = {
				ASSETCATALOG_COMPILER_APPICON_NAME = AppIcon;
				ASSETCATALOG_COMPILER_GLOBAL_ACCENT_COLOR_NAME = AccentColor;
				CODE_SIGN_STYLE = Automatic;
				CURRENT_PROJECT_VERSION = 1;
				DEVELOPMENT_TEAM = QQ74U7T9T3;
				GENERATE_INFOPLIST_FILE = YES;
				INFOPLIST_FILE = "dropdown-sport-app/Info.plist";
				INFOPLIST_KEY_UIApplicationSupportsIndirectInputEvents = YES;
				INFOPLIST_KEY_UILaunchStoryboardName = LaunchScreen;
				INFOPLIST_KEY_UIMainStoryboardFile = Main;
				INFOPLIST_KEY_UISupportedInterfaceOrientations_iPad = "UIInterfaceOrientationPortrait UIInterfaceOrientationPortraitUpsideDown UIInterfaceOrientationLandscapeLeft UIInterfaceOrientationLandscapeRight";
				INFOPLIST_KEY_UISupportedInterfaceOrientations_iPhone = "UIInterfaceOrientationPortrait UIInterfaceOrientationLandscapeLeft UIInterfaceOrientationLandscapeRight";
				LD_RUNPATH_SEARCH_PATHS = (
					"$(inherited)",
					"@executable_path/Frameworks",
				);
				MARKETING_VERSION = 1.0;
				PRODUCT_BUNDLE_IDENTIFIER = "com.huyhdq.dropdown-sport-app";
				PRODUCT_NAME = "$(TARGET_NAME)";
				SWIFT_EMIT_LOC_STRINGS = YES;
				SWIFT_VERSION = 5.0;
				TARGETED_DEVICE_FAMILY = "1,2";
			};
			name = Debug;
		};
		BF3B92E829166DAA00FA1A10 /* Release */ = {
			isa = XCBuildConfiguration;
			buildSettings = {
				ASSETCATALOG_COMPILER_APPICON_NAME = AppIcon;
				ASSETCATALOG_COMPILER_GLOBAL_ACCENT_COLOR_NAME = AccentColor;
				CODE_SIGN_STYLE = Automatic;
				CURRENT_PROJECT_VERSION = 1;
				DEVELOPMENT_TEAM = QQ74U7T9T3;
				GENERATE_INFOPLIST_FILE = YES;
				INFOPLIST_FILE = "dropdown-sport-app/Info.plist";
				INFOPLIST_KEY_UIApplicationSupportsIndirectInputEvents = YES;
				INFOPLIST_KEY_UILaunchStoryboardName = LaunchScreen;
				INFOPLIST_KEY_UIMainStoryboardFile = Main;
				INFOPLIST_KEY_UISupportedInterfaceOrientations_iPad = "UIInterfaceOrientationPortrait UIInterfaceOrientationPortraitUpsideDown UIInterfaceOrientationLandscapeLeft UIInterfaceOrientationLandscapeRight";
				INFOPLIST_KEY_UISupportedInterfaceOrientations_iPhone = "UIInterfaceOrientationPortrait UIInterfaceOrientationLandscapeLeft UIInterfaceOrientationLandscapeRight";
				LD_RUNPATH_SEARCH_PATHS = (
					"$(inherited)",
					"@executable_path/Frameworks",
				);
				MARKETING_VERSION = 1.0;
				PRODUCT_BUNDLE_IDENTIFIER = "com.huyhdq.dropdown-sport-app";
				PRODUCT_NAME = "$(TARGET_NAME)";
				SWIFT_EMIT_LOC_STRINGS = YES;
				SWIFT_VERSION = 5.0;
				TARGETED_DEVICE_FAMILY = "1,2";
			};
			name = Release;
		};
/* End XCBuildConfiguration section */

/* Begin XCConfigurationList section */
		BF3B92CD29166DA900FA1A10 /* Build configuration list for PBXProject "dropdown-sport-app" */ = {
			isa = XCConfigurationList;
			buildConfigurations = (
				BF3B92E429166DAA00FA1A10 /* Debug */,
				BF3B92E529166DAA00FA1A10 /* Release */,
			);
			defaultConfigurationIsVisible = 0;
			defaultConfigurationName = Release;
		};
		BF3B92E629166DAA00FA1A10 /* Build configuration list for PBXNativeTarget "dropdown-sport-app" */ = {
			isa = XCConfigurationList;
			buildConfigurations = (
				BF3B92E729166DAA00FA1A10 /* Debug */,
				BF3B92E829166DAA00FA1A10 /* Release */,
			);
			defaultConfigurationIsVisible = 0;
			defaultConfigurationName = Release;
		};
/* End XCConfigurationList section */
	};
	rootObject = BF3B92CA29166DA900FA1A10 /* Project object */;
}
